
Microsoft Visual Studio Solution File, Format Version 12.00
# Visual Studio Version 17
VisualStudioVersion = 17.14.36623.8 d17.14
MinimumVisualStudioVersion = 10.0.40219.1
Project("{FAE04EC0-301F-11D3-BF4B-00C04F79EFBC}") = "Neo4JDotNetAttempt1", "Neo4JDotNetAttempt1.csproj", "{EE8BFA50-EDAE-4521-8C03-DD973886ABC6}"
EndProject
Global
	GlobalSection(SolutionConfigurationPlatforms) = preSolution
		Debug|Any CPU = Debug|Any CPU
		Release|Any CPU = Release|Any CPU
	EndGlobalSection
	GlobalSection(ProjectConfigurationPlatforms) = postSolution
		{EE8BFA50-EDAE-4521-8C03-DD973886ABC6}.Debug|Any CPU.ActiveCfg = Debug|Any CPU
		{EE8BFA50-EDAE-4521-8C03-DD973886ABC6}.Debug|Any CPU.Build.0 = Debug|Any CPU
		{EE8BFA50-EDAE-4521-8C03-DD973886ABC6}.Release|Any CPU.ActiveCfg = Release|Any CPU
		{EE8BFA50-EDAE-4521-8C03-DD973886ABC6}.Release|Any CPU.Build.0 = Release|Any CPU
	EndGlobalSection
	GlobalSection(SolutionProperties) = preSolution
		HideSolutionNode = FALSE
	EndGlobalSection
	GlobalSection(ExtensibilityGlobals) = postSolution
		SolutionGuid = {CE5CB2B3-D447-4A24-A3BD-C8BF31E445AA}
	EndGlobalSection
EndGlobal
